
Microsoft Visual Studio Solution File, Format Version 12.00
# Visual Studio Version 16
VisualStudioVersion = 16.0.31624.102
MinimumVisualStudioVersion = 10.0.40219.1
Project("{FAE04EC0-301F-11D3-BF4B-00C04F79EFBC}") = "0329실습", "0329실습\0329실습.csproj", "{74579078-A81D-406B-8763-F37F4BAA5BB6}"
EndProject
Global
	GlobalSection(SolutionConfigurationPlatforms) = preSolution
		Debug|Any CPU = Debug|Any CPU
		Release|Any CPU = Release|Any CPU
	EndGlobalSection
	GlobalSection(ProjectConfigurationPlatforms) = postSolution
		{74579078-A81D-406B-8763-F37F4BAA5BB6}.Debug|Any CPU.ActiveCfg = Debug|Any CPU
		{74579078-A81D-406B-8763-F37F4BAA5BB6}.Debug|Any CPU.Build.0 = Debug|Any CPU
		{74579078-A81D-406B-8763-F37F4BAA5BB6}.Release|Any CPU.ActiveCfg = Release|Any CPU
		{74579078-A81D-406B-8763-F37F4BAA5BB6}.Release|Any CPU.Build.0 = Release|Any CPU
	EndGlobalSection
	GlobalSection(SolutionProperties) = preSolution
		HideSolutionNode = FALSE
	EndGlobalSection
	GlobalSection(ExtensibilityGlobals) = postSolution
		SolutionGuid = {89B871DE-B24A-4BBF-8AD6-BE16A0146AF1}
	EndGlobalSection
EndGlobal
