
Microsoft Visual Studio Solution File, Format Version 12.00
# Visual Studio Version 16
VisualStudioVersion = 16.0.31402.337
MinimumVisualStudioVersion = 10.0.40219.1
Project("{FAE04EC0-301F-11D3-BF4B-00C04F79EFBC}") = "0426_WCF", "0426_WCF\0426_WCF.csproj", "{07244312-5D08-4457-8285-1F9477A3B717}"
EndProject
Global
	GlobalSection(SolutionConfigurationPlatforms) = preSolution
		Debug|Any CPU = Debug|Any CPU
		Release|Any CPU = Release|Any CPU
	EndGlobalSection
	GlobalSection(ProjectConfigurationPlatforms) = postSolution
		{07244312-5D08-4457-8285-1F9477A3B717}.Debug|Any CPU.ActiveCfg = Debug|Any CPU
		{07244312-5D08-4457-8285-1F9477A3B717}.Debug|Any CPU.Build.0 = Debug|Any CPU
		{07244312-5D08-4457-8285-1F9477A3B717}.Release|Any CPU.ActiveCfg = Release|Any CPU
		{07244312-5D08-4457-8285-1F9477A3B717}.Release|Any CPU.Build.0 = Release|Any CPU
	EndGlobalSection
	GlobalSection(SolutionProperties) = preSolution
		HideSolutionNode = FALSE
	EndGlobalSection
	GlobalSection(ExtensibilityGlobals) = postSolution
		SolutionGuid = {B82E540A-58EF-4C06-8D5F-C16DC6400A9C}
	EndGlobalSection
EndGlobal
