
Microsoft Visual Studio Solution File, Format Version 12.00
# Visual Studio Version 16
VisualStudioVersion = 16.0.31402.337
MinimumVisualStudioVersion = 10.0.40219.1
Project("{FAE04EC0-301F-11D3-BF4B-00C04F79EFBC}") = "0425_WCF", "0425_WCF\0425_WCF.csproj", "{0D4F2A83-A6E7-4CED-9F58-E4599661A9B5}"
EndProject
Global
	GlobalSection(SolutionConfigurationPlatforms) = preSolution
		Debug|Any CPU = Debug|Any CPU
		Release|Any CPU = Release|Any CPU
	EndGlobalSection
	GlobalSection(ProjectConfigurationPlatforms) = postSolution
		{0D4F2A83-A6E7-4CED-9F58-E4599661A9B5}.Debug|Any CPU.ActiveCfg = Debug|Any CPU
		{0D4F2A83-A6E7-4CED-9F58-E4599661A9B5}.Debug|Any CPU.Build.0 = Debug|Any CPU
		{0D4F2A83-A6E7-4CED-9F58-E4599661A9B5}.Release|Any CPU.ActiveCfg = Release|Any CPU
		{0D4F2A83-A6E7-4CED-9F58-E4599661A9B5}.Release|Any CPU.Build.0 = Release|Any CPU
	EndGlobalSection
	GlobalSection(SolutionProperties) = preSolution
		HideSolutionNode = FALSE
	EndGlobalSection
	GlobalSection(ExtensibilityGlobals) = postSolution
		SolutionGuid = {50DBCA60-7B8B-4127-9E5F-1464491A5833}
	EndGlobalSection
EndGlobal
