
Microsoft Visual Studio Solution File, Format Version 12.00
# Visual Studio Version 16
VisualStudioVersion = 16.0.31624.102
MinimumVisualStudioVersion = 10.0.40219.1
Project("{FAE04EC0-301F-11D3-BF4B-00C04F79EFBC}") = "0427_1대다 통신", "0427_1대다 통신\0427_1대다 통신.csproj", "{72DF08F0-249D-4933-96D6-4792E4113566}"
EndProject
Global
	GlobalSection(SolutionConfigurationPlatforms) = preSolution
		Debug|Any CPU = Debug|Any CPU
		Release|Any CPU = Release|Any CPU
	EndGlobalSection
	GlobalSection(ProjectConfigurationPlatforms) = postSolution
		{72DF08F0-249D-4933-96D6-4792E4113566}.Debug|Any CPU.ActiveCfg = Debug|Any CPU
		{72DF08F0-249D-4933-96D6-4792E4113566}.Debug|Any CPU.Build.0 = Debug|Any CPU
		{72DF08F0-249D-4933-96D6-4792E4113566}.Release|Any CPU.ActiveCfg = Release|Any CPU
		{72DF08F0-249D-4933-96D6-4792E4113566}.Release|Any CPU.Build.0 = Release|Any CPU
	EndGlobalSection
	GlobalSection(SolutionProperties) = preSolution
		HideSolutionNode = FALSE
	EndGlobalSection
	GlobalSection(ExtensibilityGlobals) = postSolution
		SolutionGuid = {AA0213DF-A3C2-4450-9737-58971ABAAE27}
	EndGlobalSection
EndGlobal
