
Microsoft Visual Studio Solution File, Format Version 12.00
# Visual Studio Version 16
VisualStudioVersion = 16.0.31402.337
MinimumVisualStudioVersion = 10.0.40219.1
Project("{8BC9CEB8-8B4A-11D0-8D11-00A0C91BC942}") = "0324", "0324\0324.vcxproj", "{CA591C60-5858-4AB0-8C00-805F5607AEA3}"
EndProject
Global
	GlobalSection(SolutionConfigurationPlatforms) = preSolution
		Debug|x64 = Debug|x64
		Debug|x86 = Debug|x86
		Release|x64 = Release|x64
		Release|x86 = Release|x86
	EndGlobalSection
	GlobalSection(ProjectConfigurationPlatforms) = postSolution
		{CA591C60-5858-4AB0-8C00-805F5607AEA3}.Debug|x64.ActiveCfg = Debug|x64
		{CA591C60-5858-4AB0-8C00-805F5607AEA3}.Debug|x64.Build.0 = Debug|x64
		{CA591C60-5858-4AB0-8C00-805F5607AEA3}.Debug|x86.ActiveCfg = Debug|Win32
		{CA591C60-5858-4AB0-8C00-805F5607AEA3}.Debug|x86.Build.0 = Debug|Win32
		{CA591C60-5858-4AB0-8C00-805F5607AEA3}.Release|x64.ActiveCfg = Release|x64
		{CA591C60-5858-4AB0-8C00-805F5607AEA3}.Release|x64.Build.0 = Release|x64
		{CA591C60-5858-4AB0-8C00-805F5607AEA3}.Release|x86.ActiveCfg = Release|Win32
		{CA591C60-5858-4AB0-8C00-805F5607AEA3}.Release|x86.Build.0 = Release|Win32
	EndGlobalSection
	GlobalSection(SolutionProperties) = preSolution
		HideSolutionNode = FALSE
	EndGlobalSection
	GlobalSection(ExtensibilityGlobals) = postSolution
		SolutionGuid = {F2898C4B-28D3-40C8-B1F1-9B65433BA155}
	EndGlobalSection
EndGlobal
