
Microsoft Visual Studio Solution File, Format Version 12.00
# Visual Studio Version 16
VisualStudioVersion = 16.0.31402.337
MinimumVisualStudioVersion = 10.0.40219.1
Project("{FAE04EC0-301F-11D3-BF4B-00C04F79EFBC}") = "0425_WCF(client)", "0425_WCF(client)\0425_WCF(client).csproj", "{434E3170-FEC1-4D21-BA95-1E4D8B064417}"
EndProject
Global
	GlobalSection(SolutionConfigurationPlatforms) = preSolution
		Debug|Any CPU = Debug|Any CPU
		Release|Any CPU = Release|Any CPU
	EndGlobalSection
	GlobalSection(ProjectConfigurationPlatforms) = postSolution
		{434E3170-FEC1-4D21-BA95-1E4D8B064417}.Debug|Any CPU.ActiveCfg = Debug|Any CPU
		{434E3170-FEC1-4D21-BA95-1E4D8B064417}.Debug|Any CPU.Build.0 = Debug|Any CPU
		{434E3170-FEC1-4D21-BA95-1E4D8B064417}.Release|Any CPU.ActiveCfg = Release|Any CPU
		{434E3170-FEC1-4D21-BA95-1E4D8B064417}.Release|Any CPU.Build.0 = Release|Any CPU
	EndGlobalSection
	GlobalSection(SolutionProperties) = preSolution
		HideSolutionNode = FALSE
	EndGlobalSection
	GlobalSection(ExtensibilityGlobals) = postSolution
		SolutionGuid = {2A28E452-EA20-44D2-9BD0-1EB235BAC81F}
	EndGlobalSection
EndGlobal
