
Microsoft Visual Studio Solution File, Format Version 12.00
# Visual Studio Version 17
VisualStudioVersion = 17.1.32414.318
MinimumVisualStudioVersion = 10.0.40219.1
Project("{FAE04EC0-301F-11D3-BF4B-00C04F79EFBC}") = "0428_REST_TEST(client)", "0428_REST_TEST(client)\0428_REST_TEST(client).csproj", "{B5EF09E6-CF3B-400A-9709-8270E6F63E19}"
EndProject
Global
	GlobalSection(SolutionConfigurationPlatforms) = preSolution
		Debug|Any CPU = Debug|Any CPU
		Release|Any CPU = Release|Any CPU
	EndGlobalSection
	GlobalSection(ProjectConfigurationPlatforms) = postSolution
		{B5EF09E6-CF3B-400A-9709-8270E6F63E19}.Debug|Any CPU.ActiveCfg = Debug|Any CPU
		{B5EF09E6-CF3B-400A-9709-8270E6F63E19}.Debug|Any CPU.Build.0 = Debug|Any CPU
		{B5EF09E6-CF3B-400A-9709-8270E6F63E19}.Release|Any CPU.ActiveCfg = Release|Any CPU
		{B5EF09E6-CF3B-400A-9709-8270E6F63E19}.Release|Any CPU.Build.0 = Release|Any CPU
	EndGlobalSection
	GlobalSection(SolutionProperties) = preSolution
		HideSolutionNode = FALSE
	EndGlobalSection
	GlobalSection(ExtensibilityGlobals) = postSolution
		SolutionGuid = {34E92B82-09EA-4CB3-9D76-41111B10BA4D}
	EndGlobalSection
EndGlobal
