
Microsoft Visual Studio Solution File, Format Version 12.00
# Visual Studio Version 16
VisualStudioVersion = 16.0.31402.337
MinimumVisualStudioVersion = 10.0.40219.1
Project("{FAE04EC0-301F-11D3-BF4B-00C04F79EFBC}") = "0329_Library", "0329_Library\0329_Library.csproj", "{86D7A36C-4C3E-4951-A8DD-36ADCB068CF5}"
EndProject
Global
	GlobalSection(SolutionConfigurationPlatforms) = preSolution
		Debug|Any CPU = Debug|Any CPU
		Release|Any CPU = Release|Any CPU
	EndGlobalSection
	GlobalSection(ProjectConfigurationPlatforms) = postSolution
		{86D7A36C-4C3E-4951-A8DD-36ADCB068CF5}.Debug|Any CPU.ActiveCfg = Debug|Any CPU
		{86D7A36C-4C3E-4951-A8DD-36ADCB068CF5}.Debug|Any CPU.Build.0 = Debug|Any CPU
		{86D7A36C-4C3E-4951-A8DD-36ADCB068CF5}.Release|Any CPU.ActiveCfg = Release|Any CPU
		{86D7A36C-4C3E-4951-A8DD-36ADCB068CF5}.Release|Any CPU.Build.0 = Release|Any CPU
	EndGlobalSection
	GlobalSection(SolutionProperties) = preSolution
		HideSolutionNode = FALSE
	EndGlobalSection
	GlobalSection(ExtensibilityGlobals) = postSolution
		SolutionGuid = {3B849C34-91B4-4129-AD0E-984AEA333F80}
	EndGlobalSection
EndGlobal
