
Microsoft Visual Studio Solution File, Format Version 12.00
# Visual Studio Version 17
VisualStudioVersion = 17.1.32414.318
MinimumVisualStudioVersion = 10.0.40219.1
Project("{FAE04EC0-301F-11D3-BF4B-00C04F79EFBC}") = "0427_1대1(Server)", "0427_1대1(Server)\0427_1대1(Server).csproj", "{C8A56592-5394-4A89-A99D-C5462700B8D6}"
EndProject
Global
	GlobalSection(SolutionConfigurationPlatforms) = preSolution
		Debug|Any CPU = Debug|Any CPU
		Release|Any CPU = Release|Any CPU
	EndGlobalSection
	GlobalSection(ProjectConfigurationPlatforms) = postSolution
		{C8A56592-5394-4A89-A99D-C5462700B8D6}.Debug|Any CPU.ActiveCfg = Debug|Any CPU
		{C8A56592-5394-4A89-A99D-C5462700B8D6}.Debug|Any CPU.Build.0 = Debug|Any CPU
		{C8A56592-5394-4A89-A99D-C5462700B8D6}.Release|Any CPU.ActiveCfg = Release|Any CPU
		{C8A56592-5394-4A89-A99D-C5462700B8D6}.Release|Any CPU.Build.0 = Release|Any CPU
	EndGlobalSection
	GlobalSection(SolutionProperties) = preSolution
		HideSolutionNode = FALSE
	EndGlobalSection
	GlobalSection(ExtensibilityGlobals) = postSolution
		SolutionGuid = {A6B0AEB5-BB5C-49FF-83F2-779F2991F0D2}
	EndGlobalSection
EndGlobal
